
Microsoft Visual Studio Solution File, Format Version 12.00
# Visual Studio Version 17
VisualStudioVersion = 17.0.31912.275
MinimumVisualStudioVersion = 10.0.40219.1
Project("{9A19103F-16F7-4668-BE54-9A1E7A4F7556}") = "FileUtils", "FileUtils\FileUtils.csproj", "{22A01D39-32B7-4E72-AC33-FD70BA6ACE8C}"
EndProject
Project("{9A19103F-16F7-4668-BE54-9A1E7A4F7556}") = "FileUtils.Tests", "FileUtils.Tests\FileUtils.Tests.csproj", "{76BBF067-E93A-4C8E-B085-1DD995F03EB4}"
EndProject
Global
	GlobalSection(SolutionConfigurationPlatforms) = preSolution
		Debug|Any CPU = Debug|Any CPU
		Release|Any CPU = Release|Any CPU
	EndGlobalSection
	GlobalSection(ProjectConfigurationPlatforms) = postSolution
		{22A01D39-32B7-4E72-AC33-FD70BA6ACE8C}.Debug|Any CPU.ActiveCfg = Debug|Any CPU
		{22A01D39-32B7-4E72-AC33-FD70BA6ACE8C}.Debug|Any CPU.Build.0 = Debug|Any CPU
		{22A01D39-32B7-4E72-AC33-FD70BA6ACE8C}.Release|Any CPU.ActiveCfg = Release|Any CPU
		{22A01D39-32B7-4E72-AC33-FD70BA6ACE8C}.Release|Any CPU.Build.0 = Release|Any CPU
		{76BBF067-E93A-4C8E-B085-1DD995F03EB4}.Debug|Any CPU.ActiveCfg = Debug|Any CPU
		{76BBF067-E93A-4C8E-B085-1DD995F03EB4}.Debug|Any CPU.Build.0 = Debug|Any CPU
		{76BBF067-E93A-4C8E-B085-1DD995F03EB4}.Release|Any CPU.ActiveCfg = Release|Any CPU
		{76BBF067-E93A-4C8E-B085-1DD995F03EB4}.Release|Any CPU.Build.0 = Release|Any CPU
	EndGlobalSection
	GlobalSection(SolutionProperties) = preSolution
		HideSolutionNode = FALSE
	EndGlobalSection
	GlobalSection(ExtensibilityGlobals) = postSolution
		SolutionGuid = {3EA9A070-6CD8-4F7C-B342-6255B0BEEACD}
	EndGlobalSection
EndGlobal
